// !$*UTF8*$!
{
	archiveVersion = 1;
	classes = {
	};
	objectVersion = 56;
	objects = {

/* Begin PBXBuildFile section */
		310D02742BCC7B5500048312 /* AppDelegate.swift in Sources */ = {isa = PBXBuildFile; fileRef = 310D02732BCC7B5500048312 /* AppDelegate.swift */; };
		310D02762BCC7B5500048312 /* SceneDelegate.swift in Sources */ = {isa = PBXBuildFile; fileRef = 310D02752BCC7B5500048312 /* SceneDelegate.swift */; };
		310D02782BCC7B5500048312 /* ViewController.swift in Sources */ = {isa = PBXBuildFile; fileRef = 310D02772BCC7B5500048312 /* ViewController.swift */; };
		310D027D2BCC7B5600048312 /* Assets.xcassets in Resources */ = {isa = PBXBuildFile; fileRef = 310D027C2BCC7B5600048312 /* Assets.xcassets */; };
		310D02802BCC7B5600048312 /* LaunchScreen.storyboard in Resources */ = {isa = PBXBuildFile; fileRef = 310D027E2BCC7B5600048312 /* LaunchScreen.storyboard */; };
		31910D172BCDF95B00655CB3 /* OnboardingModel.swift in Sources */ = {isa = PBXBuildFile; fileRef = 31910D162BCDF95B00655CB3 /* OnboardingModel.swift */; };
		31910D192BCDF98500655CB3 /* OnboardingCell.swift in Sources */ = {isa = PBXBuildFile; fileRef = 31910D182BCDF98500655CB3 /* OnboardingCell.swift */; };
		31910D1B2BCDF9E400655CB3 /* OnboardingViewController.swift in Sources */ = {isa = PBXBuildFile; fileRef = 31910D1A2BCDF9E400655CB3 /* OnboardingViewController.swift */; };
		31910D1F2BCF2CE500655CB3 /* LoginViewController.swift in Sources */ = {isa = PBXBuildFile; fileRef = 31910D1E2BCF2CE500655CB3 /* LoginViewController.swift */; };
		B65CEDC62BCE771F00EA373A /* MainViewController.swift in Sources */ = {isa = PBXBuildFile; fileRef = B65CEDC02BCE769F00EA373A /* MainViewController.swift */; };
		B65CEDC72BCE772200EA373A /* MainPresenter.swift in Sources */ = {isa = PBXBuildFile; fileRef = B65CEDC12BCE769F00EA373A /* MainPresenter.swift */; };
		B65CEDC82BCE772600EA373A /* MainModuleBuilder.swift in Sources */ = {isa = PBXBuildFile; fileRef = B65CEDC22BCE769F00EA373A /* MainModuleBuilder.swift */; };
		B65CEDC92BCE772F00EA373A /* ProductsViewCell.swift in Sources */ = {isa = PBXBuildFile; fileRef = B65CEDBF2BCE769F00EA373A /* ProductsViewCell.swift */; };
		B65CEDCD2BCE93A100EA373A /* MainViewCollectionDataSource.swift in Sources */ = {isa = PBXBuildFile; fileRef = B65CEDCC2BCE93A100EA373A /* MainViewCollectionDataSource.swift */; };
		B65CEDD02BCEE05200EA373A /* ProductsHeader.swift in Sources */ = {isa = PBXBuildFile; fileRef = B65CEDCF2BCEE05200EA373A /* ProductsHeader.swift */; };
		B67022C32BD03E3300CE1AC1 /* Section.swift in Sources */ = {isa = PBXBuildFile; fileRef = B67022C22BD03E3300CE1AC1 /* Section.swift */; };
		B67022C62BD056F300CE1AC1 /* CategoryHeader.swift in Sources */ = {isa = PBXBuildFile; fileRef = B67022C52BD056F300CE1AC1 /* CategoryHeader.swift */; };
		B67022C92BD0575400CE1AC1 /* SearchBarView.swift in Sources */ = {isa = PBXBuildFile; fileRef = B67022C82BD0575400CE1AC1 /* SearchBarView.swift */; };
		B6AC2D562BCFEE0000A80A50 /* CollectionViewCompLayout.swift in Sources */ = {isa = PBXBuildFile; fileRef = B6AC2D552BCFEE0000A80A50 /* CollectionViewCompLayout.swift */; };
		B6AC2D582BCFF30200A80A50 /* CategoriesCell.swift in Sources */ = {isa = PBXBuildFile; fileRef = B6AC2D572BCFF30200A80A50 /* CategoriesCell.swift */; };
		D57210182BCECF93003D3246 /* DetailViewController.swift in Sources */ = {isa = PBXBuildFile; fileRef = D57210172BCECF93003D3246 /* DetailViewController.swift */; };
		D598FEB62BD3A8E700E45E8C /* CartViewController.swift in Sources */ = {isa = PBXBuildFile; fileRef = D598FEB52BD3A8E700E45E8C /* CartViewController.swift */; };
		D598FEB92BD3A97200E45E8C /* CartCell.swift in Sources */ = {isa = PBXBuildFile; fileRef = D598FEB82BD3A97200E45E8C /* CartCell.swift */; };
		D5BC26382BD3AE4500D6D415 /* CartModel.swift in Sources */ = {isa = PBXBuildFile; fileRef = D5BC26372BD3AE4500D6D415 /* CartModel.swift */; };
		D91360AB2BCF2A1000AB6F80 /* PhotoSelectionMenuButton.swift in Sources */ = {isa = PBXBuildFile; fileRef = D91360AA2BCF2A1000AB6F80 /* PhotoSelectionMenuButton.swift */; };
		D91360AF2BCF2C2C00AB6F80 /* Separator.swift in Sources */ = {isa = PBXBuildFile; fileRef = D91360AE2BCF2C2C00AB6F80 /* Separator.swift */; };
		D92F92CD2BD3E90900EF7B59 /* TabBarController.swift in Sources */ = {isa = PBXBuildFile; fileRef = D92F92CC2BD3E90900EF7B59 /* TabBarController.swift */; };
		D5F285172BD4017700E43C69 /* PaymentsViewController.swift in Sources */ = {isa = PBXBuildFile; fileRef = D5F285162BD4017700E43C69 /* PaymentsViewController.swift */; };
		D91360AB2BCF2A1000AB6F80 /* PhotoSelectionMenuButton.swift in Sources */ = {isa = PBXBuildFile; fileRef = D91360AA2BCF2A1000AB6F80 /* PhotoSelectionMenuButton.swift */; };
		D91360AF2BCF2C2C00AB6F80 /* Separator.swift in Sources */ = {isa = PBXBuildFile; fileRef = D91360AE2BCF2C2C00AB6F80 /* Separator.swift */; };
		D94DA3AD2BCEE2B800746127 /* ProfilePresenter.swift in Sources */ = {isa = PBXBuildFile; fileRef = D94DA3A32BCEE2B800746127 /* ProfilePresenter.swift */; };
		D94DA3AE2BCEE2B800746127 /* ProfileBuilder.swift in Sources */ = {isa = PBXBuildFile; fileRef = D94DA3A52BCEE2B800746127 /* ProfileBuilder.swift */; };
		D94DA3AF2BCEE2B800746127 /* ProfileViewController.swift in Sources */ = {isa = PBXBuildFile; fileRef = D94DA3A72BCEE2B800746127 /* ProfileViewController.swift */; };
		D94DA3B02BCEE2B800746127 /* ProfileView.swift in Sources */ = {isa = PBXBuildFile; fileRef = D94DA3A92BCEE2B800746127 /* ProfileView.swift */; };
		D94DA3B12BCEE2B800746127 /* ProfileRouter.swift in Sources */ = {isa = PBXBuildFile; fileRef = D94DA3AB2BCEE2B800746127 /* ProfileRouter.swift */; };
		D94DA3BD2BCEE31300746127 /* TermsAndConditionsBuilder.swift in Sources */ = {isa = PBXBuildFile; fileRef = D94DA3B22BCEE31300746127 /* TermsAndConditionsBuilder.swift */; };
		D94DA3BE2BCEE31300746127 /* TermsAndConditionsViewController.swift in Sources */ = {isa = PBXBuildFile; fileRef = D94DA3B42BCEE31300746127 /* TermsAndConditionsViewController.swift */; };
		D94DA3BF2BCEE31300746127 /* TermsAndConditionsPresenter.swift in Sources */ = {isa = PBXBuildFile; fileRef = D94DA3B62BCEE31300746127 /* TermsAndConditionsPresenter.swift */; };
		D94DA3C02BCEE31300746127 /* TermsAndConditionsRouter.swift in Sources */ = {isa = PBXBuildFile; fileRef = D94DA3B82BCEE31300746127 /* TermsAndConditionsRouter.swift */; };
		D94DA3C12BCEE31300746127 /* TermsAndConditionsView.swift in Sources */ = {isa = PBXBuildFile; fileRef = D94DA3BA2BCEE31300746127 /* TermsAndConditionsView.swift */; };
		D94DA3C32BCEFFE900746127 /* ProfileButtonWithRightIcon.swift in Sources */ = {isa = PBXBuildFile; fileRef = D94DA3C22BCEFFE900746127 /* ProfileButtonWithRightIcon.swift */; };
		D9972AEA2BCF2D71000F613D /* PhotoSelectionMenuView.swift in Sources */ = {isa = PBXBuildFile; fileRef = D9972AE92BCF2D71000F613D /* PhotoSelectionMenuView.swift */; };
		D9B96DCC2BCDBAC300F9C529 /* Inter-SemiBold.ttf in Resources */ = {isa = PBXBuildFile; fileRef = D9B96DC52BCDBAC300F9C529 /* Inter-SemiBold.ttf */; };
		D9B96DCD2BCDBAC300F9C529 /* Inter-Bold.ttf in Resources */ = {isa = PBXBuildFile; fileRef = D9B96DC62BCDBAC300F9C529 /* Inter-Bold.ttf */; };
		D9B96DCE2BCDBAC300F9C529 /* PlusJakartaSans-Medium.ttf in Resources */ = {isa = PBXBuildFile; fileRef = D9B96DC72BCDBAC300F9C529 /* PlusJakartaSans-Medium.ttf */; };
		D9B96DCF2BCDBAC300F9C529 /* PlusJakartaSans-Bold.ttf in Resources */ = {isa = PBXBuildFile; fileRef = D9B96DC82BCDBAC300F9C529 /* PlusJakartaSans-Bold.ttf */; };
		D9B96DD02BCDBAC300F9C529 /* Inter-Medium.ttf in Resources */ = {isa = PBXBuildFile; fileRef = D9B96DC92BCDBAC300F9C529 /* Inter-Medium.ttf */; };
		D9B96DD12BCDBAC300F9C529 /* PlusJakartaSans-SemiBold.ttf in Resources */ = {isa = PBXBuildFile; fileRef = D9B96DCA2BCDBAC300F9C529 /* PlusJakartaSans-SemiBold.ttf */; };
		D9B96DD22BCDBAC300F9C529 /* Inter-Regular.ttf in Resources */ = {isa = PBXBuildFile; fileRef = D9B96DCB2BCDBAC300F9C529 /* Inter-Regular.ttf */; };
		D9B96DD72BCDC8FA00F9C529 /* Colors.swift in Sources */ = {isa = PBXBuildFile; fileRef = D9B96DD42BCDC8FA00F9C529 /* Colors.swift */; };
		D9B96DD82BCDC8FA00F9C529 /* Fonts.swift in Sources */ = {isa = PBXBuildFile; fileRef = D9B96DD52BCDC8FA00F9C529 /* Fonts.swift */; };
		D9B96DD92BCDC8FA00F9C529 /* Images.swift in Sources */ = {isa = PBXBuildFile; fileRef = D9B96DD62BCDC8FA00F9C529 /* Images.swift */; };
/* End PBXBuildFile section */

/* Begin PBXFileReference section */
		310D02702BCC7B5500048312 /* TeamOnlineShop.app */ = {isa = PBXFileReference; explicitFileType = wrapper.application; includeInIndex = 0; path = TeamOnlineShop.app; sourceTree = BUILT_PRODUCTS_DIR; };
		310D02732BCC7B5500048312 /* AppDelegate.swift */ = {isa = PBXFileReference; lastKnownFileType = sourcecode.swift; path = AppDelegate.swift; sourceTree = "<group>"; };
		310D02752BCC7B5500048312 /* SceneDelegate.swift */ = {isa = PBXFileReference; lastKnownFileType = sourcecode.swift; path = SceneDelegate.swift; sourceTree = "<group>"; };
		310D02772BCC7B5500048312 /* ViewController.swift */ = {isa = PBXFileReference; lastKnownFileType = sourcecode.swift; path = ViewController.swift; sourceTree = "<group>"; };
		310D027C2BCC7B5600048312 /* Assets.xcassets */ = {isa = PBXFileReference; lastKnownFileType = folder.assetcatalog; path = Assets.xcassets; sourceTree = "<group>"; };
		310D027F2BCC7B5600048312 /* Base */ = {isa = PBXFileReference; lastKnownFileType = file.storyboard; name = Base; path = Base.lproj/LaunchScreen.storyboard; sourceTree = "<group>"; };
		310D02812BCC7B5600048312 /* Info.plist */ = {isa = PBXFileReference; lastKnownFileType = text.plist.xml; path = Info.plist; sourceTree = "<group>"; };
		31910D162BCDF95B00655CB3 /* OnboardingModel.swift */ = {isa = PBXFileReference; lastKnownFileType = sourcecode.swift; path = OnboardingModel.swift; sourceTree = "<group>"; };
		31910D182BCDF98500655CB3 /* OnboardingCell.swift */ = {isa = PBXFileReference; lastKnownFileType = sourcecode.swift; path = OnboardingCell.swift; sourceTree = "<group>"; };
		31910D1A2BCDF9E400655CB3 /* OnboardingViewController.swift */ = {isa = PBXFileReference; lastKnownFileType = sourcecode.swift; path = OnboardingViewController.swift; sourceTree = "<group>"; };
		31910D1E2BCF2CE500655CB3 /* LoginViewController.swift */ = {isa = PBXFileReference; lastKnownFileType = sourcecode.swift; path = LoginViewController.swift; sourceTree = "<group>"; };
		B65CEDBF2BCE769F00EA373A /* ProductsViewCell.swift */ = {isa = PBXFileReference; lastKnownFileType = sourcecode.swift; path = ProductsViewCell.swift; sourceTree = "<group>"; };
		B65CEDC02BCE769F00EA373A /* MainViewController.swift */ = {isa = PBXFileReference; lastKnownFileType = sourcecode.swift; path = MainViewController.swift; sourceTree = "<group>"; };
		B65CEDC12BCE769F00EA373A /* MainPresenter.swift */ = {isa = PBXFileReference; lastKnownFileType = sourcecode.swift; path = MainPresenter.swift; sourceTree = "<group>"; };
		B65CEDC22BCE769F00EA373A /* MainModuleBuilder.swift */ = {isa = PBXFileReference; lastKnownFileType = sourcecode.swift; path = MainModuleBuilder.swift; sourceTree = "<group>"; };
		B65CEDCC2BCE93A100EA373A /* MainViewCollectionDataSource.swift */ = {isa = PBXFileReference; lastKnownFileType = sourcecode.swift; path = MainViewCollectionDataSource.swift; sourceTree = "<group>"; };
		B65CEDCF2BCEE05200EA373A /* ProductsHeader.swift */ = {isa = PBXFileReference; lastKnownFileType = sourcecode.swift; path = ProductsHeader.swift; sourceTree = "<group>"; };
		B67022C22BD03E3300CE1AC1 /* Section.swift */ = {isa = PBXFileReference; lastKnownFileType = sourcecode.swift; path = Section.swift; sourceTree = "<group>"; };
		B67022C52BD056F300CE1AC1 /* CategoryHeader.swift */ = {isa = PBXFileReference; lastKnownFileType = sourcecode.swift; path = CategoryHeader.swift; sourceTree = "<group>"; };
		B67022C82BD0575400CE1AC1 /* SearchBarView.swift */ = {isa = PBXFileReference; lastKnownFileType = sourcecode.swift; path = SearchBarView.swift; sourceTree = "<group>"; };
		B6AC2D552BCFEE0000A80A50 /* CollectionViewCompLayout.swift */ = {isa = PBXFileReference; lastKnownFileType = sourcecode.swift; path = CollectionViewCompLayout.swift; sourceTree = "<group>"; };
		B6AC2D572BCFF30200A80A50 /* CategoriesCell.swift */ = {isa = PBXFileReference; lastKnownFileType = sourcecode.swift; path = CategoriesCell.swift; sourceTree = "<group>"; };
		D57210172BCECF93003D3246 /* DetailViewController.swift */ = {isa = PBXFileReference; lastKnownFileType = sourcecode.swift; path = DetailViewController.swift; sourceTree = "<group>"; };
		D598FEB52BD3A8E700E45E8C /* CartViewController.swift */ = {isa = PBXFileReference; lastKnownFileType = sourcecode.swift; path = CartViewController.swift; sourceTree = "<group>"; };
		D598FEB82BD3A97200E45E8C /* CartCell.swift */ = {isa = PBXFileReference; lastKnownFileType = sourcecode.swift; path = CartCell.swift; sourceTree = "<group>"; };
		D5BC26372BD3AE4500D6D415 /* CartModel.swift */ = {isa = PBXFileReference; lastKnownFileType = sourcecode.swift; path = CartModel.swift; sourceTree = "<group>"; };
		D5F285162BD4017700E43C69 /* PaymentsViewController.swift */ = {isa = PBXFileReference; lastKnownFileType = sourcecode.swift; path = PaymentsViewController.swift; sourceTree = "<group>"; };
		D91360AA2BCF2A1000AB6F80 /* PhotoSelectionMenuButton.swift */ = {isa = PBXFileReference; lastKnownFileType = sourcecode.swift; path = PhotoSelectionMenuButton.swift; sourceTree = "<group>"; };
		D91360AE2BCF2C2C00AB6F80 /* Separator.swift */ = {isa = PBXFileReference; lastKnownFileType = sourcecode.swift; path = Separator.swift; sourceTree = "<group>"; };
		D92F92CC2BD3E90900EF7B59 /* TabBarController.swift */ = {isa = PBXFileReference; lastKnownFileType = sourcecode.swift; path = TabBarController.swift; sourceTree = "<group>"; };
		D94DA3A32BCEE2B800746127 /* ProfilePresenter.swift */ = {isa = PBXFileReference; fileEncoding = 4; lastKnownFileType = sourcecode.swift; path = ProfilePresenter.swift; sourceTree = "<group>"; };
		D94DA3A52BCEE2B800746127 /* ProfileBuilder.swift */ = {isa = PBXFileReference; fileEncoding = 4; lastKnownFileType = sourcecode.swift; path = ProfileBuilder.swift; sourceTree = "<group>"; };
		D94DA3A72BCEE2B800746127 /* ProfileViewController.swift */ = {isa = PBXFileReference; fileEncoding = 4; lastKnownFileType = sourcecode.swift; path = ProfileViewController.swift; sourceTree = "<group>"; };
		D94DA3A92BCEE2B800746127 /* ProfileView.swift */ = {isa = PBXFileReference; fileEncoding = 4; lastKnownFileType = sourcecode.swift; path = ProfileView.swift; sourceTree = "<group>"; };
		D94DA3AB2BCEE2B800746127 /* ProfileRouter.swift */ = {isa = PBXFileReference; fileEncoding = 4; lastKnownFileType = sourcecode.swift; path = ProfileRouter.swift; sourceTree = "<group>"; };
		D94DA3B22BCEE31300746127 /* TermsAndConditionsBuilder.swift */ = {isa = PBXFileReference; fileEncoding = 4; lastKnownFileType = sourcecode.swift; path = TermsAndConditionsBuilder.swift; sourceTree = "<group>"; };
		D94DA3B42BCEE31300746127 /* TermsAndConditionsViewController.swift */ = {isa = PBXFileReference; fileEncoding = 4; lastKnownFileType = sourcecode.swift; path = TermsAndConditionsViewController.swift; sourceTree = "<group>"; };
		D94DA3B62BCEE31300746127 /* TermsAndConditionsPresenter.swift */ = {isa = PBXFileReference; fileEncoding = 4; lastKnownFileType = sourcecode.swift; path = TermsAndConditionsPresenter.swift; sourceTree = "<group>"; };
		D94DA3B82BCEE31300746127 /* TermsAndConditionsRouter.swift */ = {isa = PBXFileReference; fileEncoding = 4; lastKnownFileType = sourcecode.swift; path = TermsAndConditionsRouter.swift; sourceTree = "<group>"; };
		D94DA3BA2BCEE31300746127 /* TermsAndConditionsView.swift */ = {isa = PBXFileReference; fileEncoding = 4; lastKnownFileType = sourcecode.swift; path = TermsAndConditionsView.swift; sourceTree = "<group>"; };
		D94DA3C22BCEFFE900746127 /* ProfileButtonWithRightIcon.swift */ = {isa = PBXFileReference; lastKnownFileType = sourcecode.swift; path = ProfileButtonWithRightIcon.swift; sourceTree = "<group>"; };
		D9972AE92BCF2D71000F613D /* PhotoSelectionMenuView.swift */ = {isa = PBXFileReference; fileEncoding = 4; lastKnownFileType = sourcecode.swift; path = PhotoSelectionMenuView.swift; sourceTree = "<group>"; };
		D9B96DC52BCDBAC300F9C529 /* Inter-SemiBold.ttf */ = {isa = PBXFileReference; lastKnownFileType = file; path = "Inter-SemiBold.ttf"; sourceTree = "<group>"; };
		D9B96DC62BCDBAC300F9C529 /* Inter-Bold.ttf */ = {isa = PBXFileReference; lastKnownFileType = file; path = "Inter-Bold.ttf"; sourceTree = "<group>"; };
		D9B96DC72BCDBAC300F9C529 /* PlusJakartaSans-Medium.ttf */ = {isa = PBXFileReference; lastKnownFileType = file; path = "PlusJakartaSans-Medium.ttf"; sourceTree = "<group>"; };
		D9B96DC82BCDBAC300F9C529 /* PlusJakartaSans-Bold.ttf */ = {isa = PBXFileReference; lastKnownFileType = file; path = "PlusJakartaSans-Bold.ttf"; sourceTree = "<group>"; };
		D9B96DC92BCDBAC300F9C529 /* Inter-Medium.ttf */ = {isa = PBXFileReference; lastKnownFileType = file; path = "Inter-Medium.ttf"; sourceTree = "<group>"; };
		D9B96DCA2BCDBAC300F9C529 /* PlusJakartaSans-SemiBold.ttf */ = {isa = PBXFileReference; lastKnownFileType = file; path = "PlusJakartaSans-SemiBold.ttf"; sourceTree = "<group>"; };
		D9B96DCB2BCDBAC300F9C529 /* Inter-Regular.ttf */ = {isa = PBXFileReference; lastKnownFileType = file; path = "Inter-Regular.ttf"; sourceTree = "<group>"; };
		D9B96DD42BCDC8FA00F9C529 /* Colors.swift */ = {isa = PBXFileReference; fileEncoding = 4; lastKnownFileType = sourcecode.swift; path = Colors.swift; sourceTree = "<group>"; };
		D9B96DD52BCDC8FA00F9C529 /* Fonts.swift */ = {isa = PBXFileReference; fileEncoding = 4; lastKnownFileType = sourcecode.swift; path = Fonts.swift; sourceTree = "<group>"; };
		D9B96DD62BCDC8FA00F9C529 /* Images.swift */ = {isa = PBXFileReference; fileEncoding = 4; lastKnownFileType = sourcecode.swift; path = Images.swift; sourceTree = "<group>"; };
/* End PBXFileReference section */

/* Begin PBXFrameworksBuildPhase section */
		310D026D2BCC7B5500048312 /* Frameworks */ = {
			isa = PBXFrameworksBuildPhase;
			buildActionMask = 2147483647;
			files = (
			);
			runOnlyForDeploymentPostprocessing = 0;
		};
/* End PBXFrameworksBuildPhase section */

/* Begin PBXGroup section */
		310D02672BCC7B5500048312 = {
			isa = PBXGroup;
			children = (
				310D02722BCC7B5500048312 /* TeamOnlineShop */,
				310D02712BCC7B5500048312 /* Products */,
			);
			sourceTree = "<group>";
		};
		310D02712BCC7B5500048312 /* Products */ = {
			isa = PBXGroup;
			children = (
				310D02702BCC7B5500048312 /* TeamOnlineShop.app */,
			);
			name = Products;
			sourceTree = "<group>";
		};
		310D02722BCC7B5500048312 /* TeamOnlineShop */ = {
			isa = PBXGroup;
			children = (
				D9B96DDA2BCEE01000F9C529 /* Modules */,
				310D02732BCC7B5500048312 /* AppDelegate.swift */,
				310D02752BCC7B5500048312 /* SceneDelegate.swift */,
				31910D1C2BCDF9F200655CB3 /* Onboarding */,
				31910D1D2BCF2CC000655CB3 /* Login */,
				B65CEDBD2BCE769F00EA373A /* Main */,
				D9B96DD32BCDC85000F9C529 /* Extensions */,
				310D02772BCC7B5500048312 /* ViewController.swift */,
				310D027E2BCC7B5600048312 /* LaunchScreen.storyboard */,
				310D02812BCC7B5600048312 /* Info.plist */,
				D92594092BCDB4B8001DAA35 /* Resources */,
				D57210192BCECF9A003D3246 /* DetailView */,
				D598FEB72BD3A8EF00E45E8C /* CartView */,
				D5F285182BD4017C00E43C69 /* PaymentsView */,
			);
			path = TeamOnlineShop;
			sourceTree = "<group>";
		};
		31910D1C2BCDF9F200655CB3 /* Onboarding */ = {
			isa = PBXGroup;
			children = (
				31910D162BCDF95B00655CB3 /* OnboardingModel.swift */,
				31910D182BCDF98500655CB3 /* OnboardingCell.swift */,
				31910D1A2BCDF9E400655CB3 /* OnboardingViewController.swift */,
			);
			path = Onboarding;
			sourceTree = "<group>";
		};
		31910D1D2BCF2CC000655CB3 /* Login */ = {
			isa = PBXGroup;
			children = (
				31910D1E2BCF2CE500655CB3 /* LoginViewController.swift */,
			);
			path = Login;
			sourceTree = "<group>";
		};
		B65CEDBD2BCE769F00EA373A /* Main */ = {
			isa = PBXGroup;
			children = (
				B65CEDCE2BCE93B600EA373A /* Module */,
				B65CEDD12BCEE05A00EA373A /* CustomComponents */,
			);
			path = Main;
			sourceTree = "<group>";
		};
		B65CEDBE2BCE769F00EA373A /* Cells */ = {
			isa = PBXGroup;
			children = (
				B65CEDBF2BCE769F00EA373A /* ProductsViewCell.swift */,
				B6AC2D572BCFF30200A80A50 /* CategoriesCell.swift */,
				B67022C22BD03E3300CE1AC1 /* Section.swift */,
			);
			path = Cells;
			sourceTree = "<group>";
		};
		B65CEDCE2BCE93B600EA373A /* Module */ = {
			isa = PBXGroup;
			children = (
				B65CEDC02BCE769F00EA373A /* MainViewController.swift */,
				B65CEDC12BCE769F00EA373A /* MainPresenter.swift */,
				B65CEDC22BCE769F00EA373A /* MainModuleBuilder.swift */,
			);
			name = Module;
			sourceTree = "<group>";
		};
		B65CEDD12BCEE05A00EA373A /* CustomComponents */ = {
			isa = PBXGroup;
			children = (
				B67022C72BD0573A00CE1AC1 /* SearchBar */,
				B67022C42BD0483B00CE1AC1 /* Headers */,
				B65CEDBE2BCE769F00EA373A /* Cells */,
				B65CEDCC2BCE93A100EA373A /* MainViewCollectionDataSource.swift */,
				B6AC2D552BCFEE0000A80A50 /* CollectionViewCompLayout.swift */,
			);
			path = CustomComponents;
			sourceTree = "<group>";
		};
		B67022C42BD0483B00CE1AC1 /* Headers */ = {
			isa = PBXGroup;
			children = (
				B65CEDCF2BCEE05200EA373A /* ProductsHeader.swift */,
				B67022C52BD056F300CE1AC1 /* CategoryHeader.swift */,
			);
			path = Headers;
			sourceTree = "<group>";
		};
		B67022C72BD0573A00CE1AC1 /* SearchBar */ = {
			isa = PBXGroup;
			children = (
				B67022C82BD0575400CE1AC1 /* SearchBarView.swift */,
			);
			path = SearchBar;
			sourceTree = "<group>";
		};
		D57210192BCECF9A003D3246 /* DetailView */ = {
			isa = PBXGroup;
			children = (
				D57210172BCECF93003D3246 /* DetailViewController.swift */,
			);
			path = DetailView;
			sourceTree = "<group>";
		};

		D598FEB72BD3A8EF00E45E8C /* CartView */ = {
			isa = PBXGroup;
			children = (
				D598FEB52BD3A8E700E45E8C /* CartViewController.swift */,
				D598FEB82BD3A97200E45E8C /* CartCell.swift */,
				D5BC26372BD3AE4500D6D415 /* CartModel.swift */,
			);
			path = CartView;
			sourceTree = "<group>";
		};

		D5F285182BD4017C00E43C69 /* PaymentsView */ = {
			isa = PBXGroup;
			children = (
				D5F285162BD4017700E43C69 /* PaymentsViewController.swift */,
			);
			path = PaymentsView;
			sourceTree = "<group>";
		};
		D91360A92BCF29DA00AB6F80 /* Components */ = {
			isa = PBXGroup;
			children = (
				D9972AE92BCF2D71000F613D /* PhotoSelectionMenuView.swift */,
				D94DA3C22BCEFFE900746127 /* ProfileButtonWithRightIcon.swift */,
				D91360AA2BCF2A1000AB6F80 /* PhotoSelectionMenuButton.swift */,
			);
			path = Components;
			sourceTree = "<group>";
		};
		D91360AD2BCF2BC300AB6F80 /* Components */ = {
			isa = PBXGroup;
			children = (
				D91360AE2BCF2C2C00AB6F80 /* Separator.swift */,
			);
			path = Components;
			sourceTree = "<group>";
		};
		D92594092BCDB4B8001DAA35 /* Resources */ = {
			isa = PBXGroup;
			children = (
				D925940B2BCDB512001DAA35 /* images */,
				310D027C2BCC7B5600048312 /* Assets.xcassets */,
				D925940A2BCDB4E5001DAA35 /* fonts */,
			);
			path = Resources;
			sourceTree = "<group>";
		};
		D925940A2BCDB4E5001DAA35 /* fonts */ = {
			isa = PBXGroup;
			children = (
				D9B96DC62BCDBAC300F9C529 /* Inter-Bold.ttf */,
				D9B96DC92BCDBAC300F9C529 /* Inter-Medium.ttf */,
				D9B96DCB2BCDBAC300F9C529 /* Inter-Regular.ttf */,
				D9B96DC52BCDBAC300F9C529 /* Inter-SemiBold.ttf */,
				D9B96DC82BCDBAC300F9C529 /* PlusJakartaSans-Bold.ttf */,
				D9B96DC72BCDBAC300F9C529 /* PlusJakartaSans-Medium.ttf */,
				D9B96DCA2BCDBAC300F9C529 /* PlusJakartaSans-SemiBold.ttf */,
			);
			path = fonts;
			sourceTree = "<group>";
		};
		D925940B2BCDB512001DAA35 /* images */ = {
			isa = PBXGroup;
			children = (
			);
			path = images;
			sourceTree = "<group>";
		};
		D92F92CB2BD3E8F300EF7B59 /* TabBar */ = {
			isa = PBXGroup;
			children = (
				D92F92CC2BD3E90900EF7B59 /* TabBarController.swift */,
			);
			path = TabBar;
			sourceTree = "<group>";
		};
		D94DA3A22BCEE04A00746127 /* Profile */ = {
			isa = PBXGroup;
			children = (
				D94DA3A62BCEE2B800746127 /* Builder */,
				D94DA3A82BCEE2B800746127 /* Controller */,
				D94DA3A42BCEE2B800746127 /* Presenter */,
				D94DA3AC2BCEE2B800746127 /* Router */,
				D94DA3AA2BCEE2B800746127 /* View */,
			);
			path = Profile;
			sourceTree = "<group>";
		};
		D94DA3A42BCEE2B800746127 /* Presenter */ = {
			isa = PBXGroup;
			children = (
				D94DA3A32BCEE2B800746127 /* ProfilePresenter.swift */,
			);
			path = Presenter;
			sourceTree = "<group>";
		};
		D94DA3A62BCEE2B800746127 /* Builder */ = {
			isa = PBXGroup;
			children = (
				D94DA3A52BCEE2B800746127 /* ProfileBuilder.swift */,
			);
			path = Builder;
			sourceTree = "<group>";
		};
		D94DA3A82BCEE2B800746127 /* Controller */ = {
			isa = PBXGroup;
			children = (
				D94DA3A72BCEE2B800746127 /* ProfileViewController.swift */,
			);
			path = Controller;
			sourceTree = "<group>";
		};
		D94DA3AA2BCEE2B800746127 /* View */ = {
			isa = PBXGroup;
			children = (
				D91360A92BCF29DA00AB6F80 /* Components */,
				D94DA3A92BCEE2B800746127 /* ProfileView.swift */,
			);
			path = View;
			sourceTree = "<group>";
		};
		D94DA3AC2BCEE2B800746127 /* Router */ = {
			isa = PBXGroup;
			children = (
				D94DA3AB2BCEE2B800746127 /* ProfileRouter.swift */,
			);
			path = Router;
			sourceTree = "<group>";
		};
		D94DA3B32BCEE31300746127 /* Builder */ = {
			isa = PBXGroup;
			children = (
				D94DA3B22BCEE31300746127 /* TermsAndConditionsBuilder.swift */,
			);
			path = Builder;
			sourceTree = "<group>";
		};
		D94DA3B52BCEE31300746127 /* Controller */ = {
			isa = PBXGroup;
			children = (
				D94DA3B42BCEE31300746127 /* TermsAndConditionsViewController.swift */,
			);
			path = Controller;
			sourceTree = "<group>";
		};
		D94DA3B72BCEE31300746127 /* Presenter */ = {
			isa = PBXGroup;
			children = (
				D94DA3B62BCEE31300746127 /* TermsAndConditionsPresenter.swift */,
			);
			path = Presenter;
			sourceTree = "<group>";
		};
		D94DA3B92BCEE31300746127 /* Router */ = {
			isa = PBXGroup;
			children = (
				D94DA3B82BCEE31300746127 /* TermsAndConditionsRouter.swift */,
			);
			path = Router;
			sourceTree = "<group>";
		};
		D94DA3BB2BCEE31300746127 /* View */ = {
			isa = PBXGroup;
			children = (
				D94DA3BA2BCEE31300746127 /* TermsAndConditionsView.swift */,
			);
			path = View;
			sourceTree = "<group>";
		};
		D94DA3BC2BCEE31300746127 /* TermsAndConditions */ = {
			isa = PBXGroup;
			children = (
				D94DA3B32BCEE31300746127 /* Builder */,
				D94DA3B52BCEE31300746127 /* Controller */,
				D94DA3B72BCEE31300746127 /* Presenter */,
				D94DA3B92BCEE31300746127 /* Router */,
				D94DA3BB2BCEE31300746127 /* View */,
			);
			path = TermsAndConditions;
			sourceTree = "<group>";
		};
		D9B96DD32BCDC85000F9C529 /* Extensions */ = {
			isa = PBXGroup;
			children = (
				D91360AD2BCF2BC300AB6F80 /* Components */,
				D9B96DD42BCDC8FA00F9C529 /* Colors.swift */,
				D9B96DD52BCDC8FA00F9C529 /* Fonts.swift */,
				D9B96DD62BCDC8FA00F9C529 /* Images.swift */,
			);
			path = Extensions;
			sourceTree = "<group>";
		};
		D9B96DDA2BCEE01000F9C529 /* Modules */ = {
			isa = PBXGroup;
			children = (
				D92F92CB2BD3E8F300EF7B59 /* TabBar */,
				D94DA3BC2BCEE31300746127 /* TermsAndConditions */,
				D94DA3A22BCEE04A00746127 /* Profile */,
			);
			path = Modules;
			sourceTree = "<group>";
		};
/* End PBXGroup section */

/* Begin PBXNativeTarget section */
		310D026F2BCC7B5500048312 /* TeamOnlineShop */ = {
			isa = PBXNativeTarget;
			buildConfigurationList = 310D02842BCC7B5600048312 /* Build configuration list for PBXNativeTarget "TeamOnlineShop" */;
			buildPhases = (
				310D026C2BCC7B5500048312 /* Sources */,
				310D026D2BCC7B5500048312 /* Frameworks */,
				310D026E2BCC7B5500048312 /* Resources */,
			);
			buildRules = (
			);
			dependencies = (
			);
			name = TeamOnlineShop;
			productName = TeamOnlineShop;
			productReference = 310D02702BCC7B5500048312 /* TeamOnlineShop.app */;
			productType = "com.apple.product-type.application";
		};
/* End PBXNativeTarget section */

/* Begin PBXProject section */
		310D02682BCC7B5500048312 /* Project object */ = {
			isa = PBXProject;
			attributes = {
				BuildIndependentTargetsInParallel = 1;
				LastSwiftUpdateCheck = 1520;
				LastUpgradeCheck = 1520;
				TargetAttributes = {
					310D026F2BCC7B5500048312 = {
						CreatedOnToolsVersion = 15.2;
					};
				};
			};
			buildConfigurationList = 310D026B2BCC7B5500048312 /* Build configuration list for PBXProject "TeamOnlineShop" */;
			compatibilityVersion = "Xcode 14.0";
			developmentRegion = en;
			hasScannedForEncodings = 0;
			knownRegions = (
				en,
				Base,
			);
			mainGroup = 310D02672BCC7B5500048312;
			productRefGroup = 310D02712BCC7B5500048312 /* Products */;
			projectDirPath = "";
			projectRoot = "";
			targets = (
				310D026F2BCC7B5500048312 /* TeamOnlineShop */,
			);
		};
/* End PBXProject section */

/* Begin PBXResourcesBuildPhase section */
		310D026E2BCC7B5500048312 /* Resources */ = {
			isa = PBXResourcesBuildPhase;
			buildActionMask = 2147483647;
			files = (
				D9B96DCC2BCDBAC300F9C529 /* Inter-SemiBold.ttf in Resources */,
				D9B96DD22BCDBAC300F9C529 /* Inter-Regular.ttf in Resources */,
				310D02802BCC7B5600048312 /* LaunchScreen.storyboard in Resources */,
				D9B96DCE2BCDBAC300F9C529 /* PlusJakartaSans-Medium.ttf in Resources */,
				D9B96DD12BCDBAC300F9C529 /* PlusJakartaSans-SemiBold.ttf in Resources */,
				D9B96DCF2BCDBAC300F9C529 /* PlusJakartaSans-Bold.ttf in Resources */,
				D9B96DD02BCDBAC300F9C529 /* Inter-Medium.ttf in Resources */,
				D9B96DCD2BCDBAC300F9C529 /* Inter-Bold.ttf in Resources */,
				310D027D2BCC7B5600048312 /* Assets.xcassets in Resources */,
			);
			runOnlyForDeploymentPostprocessing = 0;
		};
/* End PBXResourcesBuildPhase section */

/* Begin PBXSourcesBuildPhase section */
		310D026C2BCC7B5500048312 /* Sources */ = {
			isa = PBXSourcesBuildPhase;
			buildActionMask = 2147483647;
			files = (
				D94DA3C12BCEE31300746127 /* TermsAndConditionsView.swift in Sources */,
				B67022C92BD0575400CE1AC1 /* SearchBarView.swift in Sources */,
				310D02782BCC7B5500048312 /* ViewController.swift in Sources */,
				D94DA3B02BCEE2B800746127 /* ProfileView.swift in Sources */,
				D94DA3C32BCEFFE900746127 /* ProfileButtonWithRightIcon.swift in Sources */,
				D5BC26382BD3AE4500D6D415 /* CartModel.swift in Sources */,
				D94DA3BF2BCEE31300746127 /* TermsAndConditionsPresenter.swift in Sources */,
				D9B96DD92BCDC8FA00F9C529 /* Images.swift in Sources */,
				31910D192BCDF98500655CB3 /* OnboardingCell.swift in Sources */,
				D94DA3AE2BCEE2B800746127 /* ProfileBuilder.swift in Sources */,
				D9B96DD82BCDC8FA00F9C529 /* Fonts.swift in Sources */,
				D91360AF2BCF2C2C00AB6F80 /* Separator.swift in Sources */,
				D94DA3B12BCEE2B800746127 /* ProfileRouter.swift in Sources */,
				D9972AEA2BCF2D71000F613D /* PhotoSelectionMenuView.swift in Sources */,
				D9B96DD72BCDC8FA00F9C529 /* Colors.swift in Sources */,
				D94DA3BE2BCEE31300746127 /* TermsAndConditionsViewController.swift in Sources */,
				D91360AB2BCF2A1000AB6F80 /* PhotoSelectionMenuButton.swift in Sources */,
				D94DA3AF2BCEE2B800746127 /* ProfileViewController.swift in Sources */,
				B65CEDC82BCE772600EA373A /* MainModuleBuilder.swift in Sources */,
				D9B96DD72BCDC8FA00F9C529 /* Colors.swift in Sources */,
				D598FEB92BD3A97200E45E8C /* CartCell.swift in Sources */,
				B67022C62BD056F300CE1AC1 /* CategoryHeader.swift in Sources */,
				31910D172BCDF95B00655CB3 /* OnboardingModel.swift in Sources */,
				B6AC2D582BCFF30200A80A50 /* CategoriesCell.swift in Sources */,
				B65CEDC92BCE772F00EA373A /* ProductsViewCell.swift in Sources */,
				B67022C32BD03E3300CE1AC1 /* Section.swift in Sources */,
				B6AC2D562BCFEE0000A80A50 /* CollectionViewCompLayout.swift in Sources */,
				D5F285172BD4017700E43C69 /* PaymentsViewController.swift in Sources */,
				310D02742BCC7B5500048312 /* AppDelegate.swift in Sources */,
				D57210182BCECF93003D3246 /* DetailViewController.swift in Sources */,
				31910D1B2BCDF9E400655CB3 /* OnboardingViewController.swift in Sources */,
				D598FEB62BD3A8E700E45E8C /* CartViewController.swift in Sources */,
				B65CEDD02BCEE05200EA373A /* ProductsHeader.swift in Sources */,
				D92F92CD2BD3E90900EF7B59 /* TabBarController.swift in Sources */,
				B65CEDCD2BCE93A100EA373A /* MainViewCollectionDataSource.swift in Sources */,
				B65CEDC72BCE772200EA373A /* MainPresenter.swift in Sources */,
				31910D1F2BCF2CE500655CB3 /* LoginViewController.swift in Sources */,
				D94DA3C02BCEE31300746127 /* TermsAndConditionsRouter.swift in Sources */,
				D94DA3AD2BCEE2B800746127 /* ProfilePresenter.swift in Sources */,
				D94DA3BD2BCEE31300746127 /* TermsAndConditionsBuilder.swift in Sources */,
				310D02762BCC7B5500048312 /* SceneDelegate.swift in Sources */,
				B65CEDC62BCE771F00EA373A /* MainViewController.swift in Sources */,
			);
			runOnlyForDeploymentPostprocessing = 0;
		};
/* End PBXSourcesBuildPhase section */

/* Begin PBXVariantGroup section */
		310D027E2BCC7B5600048312 /* LaunchScreen.storyboard */ = {
			isa = PBXVariantGroup;
			children = (
				310D027F2BCC7B5600048312 /* Base */,
			);
			name = LaunchScreen.storyboard;
			sourceTree = "<group>";
		};
/* End PBXVariantGroup section */

/* Begin XCBuildConfiguration section */
		310D02822BCC7B5600048312 /* Debug */ = {
			isa = XCBuildConfiguration;
			buildSettings = {
				ALWAYS_SEARCH_USER_PATHS = NO;
				ASSETCATALOG_COMPILER_GENERATE_SWIFT_ASSET_SYMBOL_EXTENSIONS = YES;
				CLANG_ANALYZER_NONNULL = YES;
				CLANG_ANALYZER_NUMBER_OBJECT_CONVERSION = YES_AGGRESSIVE;
				CLANG_CXX_LANGUAGE_STANDARD = "gnu++20";
				CLANG_ENABLE_MODULES = YES;
				CLANG_ENABLE_OBJC_ARC = YES;
				CLANG_ENABLE_OBJC_WEAK = YES;
				CLANG_WARN_BLOCK_CAPTURE_AUTORELEASING = YES;
				CLANG_WARN_BOOL_CONVERSION = YES;
				CLANG_WARN_COMMA = YES;
				CLANG_WARN_CONSTANT_CONVERSION = YES;
				CLANG_WARN_DEPRECATED_OBJC_IMPLEMENTATIONS = YES;
				CLANG_WARN_DIRECT_OBJC_ISA_USAGE = YES_ERROR;
				CLANG_WARN_DOCUMENTATION_COMMENTS = YES;
				CLANG_WARN_EMPTY_BODY = YES;
				CLANG_WARN_ENUM_CONVERSION = YES;
				CLANG_WARN_INFINITE_RECURSION = YES;
				CLANG_WARN_INT_CONVERSION = YES;
				CLANG_WARN_NON_LITERAL_NULL_CONVERSION = YES;
				CLANG_WARN_OBJC_IMPLICIT_RETAIN_SELF = YES;
				CLANG_WARN_OBJC_LITERAL_CONVERSION = YES;
				CLANG_WARN_OBJC_ROOT_CLASS = YES_ERROR;
				CLANG_WARN_QUOTED_INCLUDE_IN_FRAMEWORK_HEADER = YES;
				CLANG_WARN_RANGE_LOOP_ANALYSIS = YES;
				CLANG_WARN_STRICT_PROTOTYPES = YES;
				CLANG_WARN_SUSPICIOUS_MOVE = YES;
				CLANG_WARN_UNGUARDED_AVAILABILITY = YES_AGGRESSIVE;
				CLANG_WARN_UNREACHABLE_CODE = YES;
				CLANG_WARN__DUPLICATE_METHOD_MATCH = YES;
				COPY_PHASE_STRIP = NO;
				DEBUG_INFORMATION_FORMAT = dwarf;
				ENABLE_STRICT_OBJC_MSGSEND = YES;
				ENABLE_TESTABILITY = YES;
				ENABLE_USER_SCRIPT_SANDBOXING = YES;
				GCC_C_LANGUAGE_STANDARD = gnu17;
				GCC_DYNAMIC_NO_PIC = NO;
				GCC_NO_COMMON_BLOCKS = YES;
				GCC_OPTIMIZATION_LEVEL = 0;
				GCC_PREPROCESSOR_DEFINITIONS = (
					"DEBUG=1",
					"$(inherited)",
				);
				GCC_WARN_64_TO_32_BIT_CONVERSION = YES;
				GCC_WARN_ABOUT_RETURN_TYPE = YES_ERROR;
				GCC_WARN_UNDECLARED_SELECTOR = YES;
				GCC_WARN_UNINITIALIZED_AUTOS = YES_AGGRESSIVE;
				GCC_WARN_UNUSED_FUNCTION = YES;
				GCC_WARN_UNUSED_VARIABLE = YES;
				IPHONEOS_DEPLOYMENT_TARGET = 17.2;
				LOCALIZATION_PREFERS_STRING_CATALOGS = YES;
				MTL_ENABLE_DEBUG_INFO = INCLUDE_SOURCE;
				MTL_FAST_MATH = YES;
				ONLY_ACTIVE_ARCH = YES;
				SDKROOT = iphoneos;
				SWIFT_ACTIVE_COMPILATION_CONDITIONS = "DEBUG $(inherited)";
				SWIFT_OPTIMIZATION_LEVEL = "-Onone";
			};
			name = Debug;
		};
		310D02832BCC7B5600048312 /* Release */ = {
			isa = XCBuildConfiguration;
			buildSettings = {
				ALWAYS_SEARCH_USER_PATHS = NO;
				ASSETCATALOG_COMPILER_GENERATE_SWIFT_ASSET_SYMBOL_EXTENSIONS = YES;
				CLANG_ANALYZER_NONNULL = YES;
				CLANG_ANALYZER_NUMBER_OBJECT_CONVERSION = YES_AGGRESSIVE;
				CLANG_CXX_LANGUAGE_STANDARD = "gnu++20";
				CLANG_ENABLE_MODULES = YES;
				CLANG_ENABLE_OBJC_ARC = YES;
				CLANG_ENABLE_OBJC_WEAK = YES;
				CLANG_WARN_BLOCK_CAPTURE_AUTORELEASING = YES;
				CLANG_WARN_BOOL_CONVERSION = YES;
				CLANG_WARN_COMMA = YES;
				CLANG_WARN_CONSTANT_CONVERSION = YES;
				CLANG_WARN_DEPRECATED_OBJC_IMPLEMENTATIONS = YES;
				CLANG_WARN_DIRECT_OBJC_ISA_USAGE = YES_ERROR;
				CLANG_WARN_DOCUMENTATION_COMMENTS = YES;
				CLANG_WARN_EMPTY_BODY = YES;
				CLANG_WARN_ENUM_CONVERSION = YES;
				CLANG_WARN_INFINITE_RECURSION = YES;
				CLANG_WARN_INT_CONVERSION = YES;
				CLANG_WARN_NON_LITERAL_NULL_CONVERSION = YES;
				CLANG_WARN_OBJC_IMPLICIT_RETAIN_SELF = YES;
				CLANG_WARN_OBJC_LITERAL_CONVERSION = YES;
				CLANG_WARN_OBJC_ROOT_CLASS = YES_ERROR;
				CLANG_WARN_QUOTED_INCLUDE_IN_FRAMEWORK_HEADER = YES;
				CLANG_WARN_RANGE_LOOP_ANALYSIS = YES;
				CLANG_WARN_STRICT_PROTOTYPES = YES;
				CLANG_WARN_SUSPICIOUS_MOVE = YES;
				CLANG_WARN_UNGUARDED_AVAILABILITY = YES_AGGRESSIVE;
				CLANG_WARN_UNREACHABLE_CODE = YES;
				CLANG_WARN__DUPLICATE_METHOD_MATCH = YES;
				COPY_PHASE_STRIP = NO;
				DEBUG_INFORMATION_FORMAT = "dwarf-with-dsym";
				ENABLE_NS_ASSERTIONS = NO;
				ENABLE_STRICT_OBJC_MSGSEND = YES;
				ENABLE_USER_SCRIPT_SANDBOXING = YES;
				GCC_C_LANGUAGE_STANDARD = gnu17;
				GCC_NO_COMMON_BLOCKS = YES;
				GCC_WARN_64_TO_32_BIT_CONVERSION = YES;
				GCC_WARN_ABOUT_RETURN_TYPE = YES_ERROR;
				GCC_WARN_UNDECLARED_SELECTOR = YES;
				GCC_WARN_UNINITIALIZED_AUTOS = YES_AGGRESSIVE;
				GCC_WARN_UNUSED_FUNCTION = YES;
				GCC_WARN_UNUSED_VARIABLE = YES;
				IPHONEOS_DEPLOYMENT_TARGET = 17.2;
				LOCALIZATION_PREFERS_STRING_CATALOGS = YES;
				MTL_ENABLE_DEBUG_INFO = NO;
				MTL_FAST_MATH = YES;
				SDKROOT = iphoneos;
				SWIFT_COMPILATION_MODE = wholemodule;
				VALIDATE_PRODUCT = YES;
			};
			name = Release;
		};
		310D02852BCC7B5600048312 /* Debug */ = {
			isa = XCBuildConfiguration;
			buildSettings = {
				ASSETCATALOG_COMPILER_APPICON_NAME = AppIcon;
				ASSETCATALOG_COMPILER_GLOBAL_ACCENT_COLOR_NAME = AccentColor;
				CODE_SIGN_STYLE = Automatic;
				CURRENT_PROJECT_VERSION = 1;
				DEVELOPMENT_TEAM = 72WF57A54C;
				GENERATE_INFOPLIST_FILE = YES;
				INFOPLIST_FILE = TeamOnlineShop/Info.plist;
				INFOPLIST_KEY_UIApplicationSupportsIndirectInputEvents = YES;
				INFOPLIST_KEY_UILaunchStoryboardName = LaunchScreen;
				INFOPLIST_KEY_UISupportedInterfaceOrientations = UIInterfaceOrientationPortrait;
				INFOPLIST_KEY_UISupportedInterfaceOrientations_iPad = "UIInterfaceOrientationLandscapeLeft UIInterfaceOrientationLandscapeRight UIInterfaceOrientationPortrait UIInterfaceOrientationPortraitUpsideDown";
				IPHONEOS_DEPLOYMENT_TARGET = 15.0;
				LD_RUNPATH_SEARCH_PATHS = (
					"$(inherited)",
					"@executable_path/Frameworks",
				);
				MARKETING_VERSION = 1.0;
				PRODUCT_BUNDLE_IDENTIFIER = PavelShirokiy.TeamOnlineShop;
				PRODUCT_NAME = "$(TARGET_NAME)";
				SUPPORTED_PLATFORMS = "iphoneos iphonesimulator";
				SUPPORTS_MACCATALYST = NO;
				SUPPORTS_MAC_DESIGNED_FOR_IPHONE_IPAD = NO;
				SUPPORTS_XR_DESIGNED_FOR_IPHONE_IPAD = NO;
				SWIFT_EMIT_LOC_STRINGS = YES;
				SWIFT_VERSION = 5.0;
				TARGETED_DEVICE_FAMILY = 1;
			};
			name = Debug;
		};
		310D02862BCC7B5600048312 /* Release */ = {
			isa = XCBuildConfiguration;
			buildSettings = {
				ASSETCATALOG_COMPILER_APPICON_NAME = AppIcon;
				ASSETCATALOG_COMPILER_GLOBAL_ACCENT_COLOR_NAME = AccentColor;
				CODE_SIGN_STYLE = Automatic;
				CURRENT_PROJECT_VERSION = 1;
				DEVELOPMENT_TEAM = 72WF57A54C;
				GENERATE_INFOPLIST_FILE = YES;
				INFOPLIST_FILE = TeamOnlineShop/Info.plist;
				INFOPLIST_KEY_UIApplicationSupportsIndirectInputEvents = YES;
				INFOPLIST_KEY_UILaunchStoryboardName = LaunchScreen;
				INFOPLIST_KEY_UISupportedInterfaceOrientations = UIInterfaceOrientationPortrait;
				INFOPLIST_KEY_UISupportedInterfaceOrientations_iPad = "UIInterfaceOrientationLandscapeLeft UIInterfaceOrientationLandscapeRight UIInterfaceOrientationPortrait UIInterfaceOrientationPortraitUpsideDown";
				IPHONEOS_DEPLOYMENT_TARGET = 15.0;
				LD_RUNPATH_SEARCH_PATHS = (
					"$(inherited)",
					"@executable_path/Frameworks",
				);
				MARKETING_VERSION = 1.0;
				PRODUCT_BUNDLE_IDENTIFIER = PavelShirokiy.TeamOnlineShop;
				PRODUCT_NAME = "$(TARGET_NAME)";
				SUPPORTED_PLATFORMS = "iphoneos iphonesimulator";
				SUPPORTS_MACCATALYST = NO;
				SUPPORTS_MAC_DESIGNED_FOR_IPHONE_IPAD = NO;
				SUPPORTS_XR_DESIGNED_FOR_IPHONE_IPAD = NO;
				SWIFT_EMIT_LOC_STRINGS = YES;
				SWIFT_VERSION = 5.0;
				TARGETED_DEVICE_FAMILY = 1;
			};
			name = Release;
		};
/* End XCBuildConfiguration section */

/* Begin XCConfigurationList section */
		310D026B2BCC7B5500048312 /* Build configuration list for PBXProject "TeamOnlineShop" */ = {
			isa = XCConfigurationList;
			buildConfigurations = (
				310D02822BCC7B5600048312 /* Debug */,
				310D02832BCC7B5600048312 /* Release */,
			);
			defaultConfigurationIsVisible = 0;
			defaultConfigurationName = Release;
		};
		310D02842BCC7B5600048312 /* Build configuration list for PBXNativeTarget "TeamOnlineShop" */ = {
			isa = XCConfigurationList;
			buildConfigurations = (
				310D02852BCC7B5600048312 /* Debug */,
				310D02862BCC7B5600048312 /* Release */,
			);
			defaultConfigurationIsVisible = 0;
			defaultConfigurationName = Release;
		};
/* End XCConfigurationList section */
	};
	rootObject = 310D02682BCC7B5500048312 /* Project object */;
}
