{
  "pins" : [
    {
      "identity" : "platzifakestore",
      "kind" : "remoteSourceControl",
      "location" : "https://github.com/ShapovalovIlya/PlatziFakeStore.git",
      "state" : {
        "branch" : "main",
        "revision" : "b6b42b3695adc46d0f8737d43149d8d943851731"
      }
    },
    {
      "identity" : "swiftfp",
      "kind" : "remoteSourceControl",
      "location" : "https://github.com/ShapovalovIlya/SwiftFP.git",
      "state" : {
        "branch" : "main",
        "revision" : "cc781b2cd420f76222901d2aaf12fe210866bc36"
      }
    }
  ],
  "version" : 2
}
