{
  "pins" : [
    {
      "identity" : "platzifakestore",
      "kind" : "remoteSourceControl",
      "location" : "https://github.com/ShapovalovIlya/PlatziFakeStore.git",
      "state" : {
        "branch" : "main",
        "revision" : "d4a97dadd09929fcf63b1afd25c678b7555d35a6"
      }
    },
    {
      "identity" : "swiftfp",
      "kind" : "remoteSourceControl",
      "location" : "https://github.com/ShapovalovIlya/SwiftFP.git",
      "state" : {
        "branch" : "main",
        "revision" : "cc781b2cd420f76222901d2aaf12fe210866bc36"
      }
    }
  ],
  "version" : 2
}
