{
  "originHash" : "4eff7eb253c6d1079e114907d61c62bc2687d5b69d57c71021decfdb8154a63e",
  "pins" : [
    {
      "identity" : "platzifakestore",
      "kind" : "remoteSourceControl",
      "location" : "https://github.com/ShapovalovIlya/PlatziFakeStore.git",
      "state" : {
        "branch" : "main",
        "revision" : "a6d8b2753ddac6eb92f51cdfaa802c6fa207593f"
      }
    },
    {
      "identity" : "swiftfp",
      "kind" : "remoteSourceControl",
      "location" : "https://github.com/ShapovalovIlya/SwiftFP.git",
      "state" : {
        "branch" : "main",
        "revision" : "cc781b2cd420f76222901d2aaf12fe210866bc36"
      }
    }
  ],
  "version" : 3
}
